{
  "name": "aki-datepicker",
  "version": "0.13.6",
  "lockfileVersion": 1,
  "requires": true,
  "dependencies": {
    "date-utils": {
      "version": "1.2.21",
      "resolved": "https://registry.npmjs.org/date-utils/-/date-utils-1.2.21.tgz",
      "integrity": "sha1-YfsWzcEnSzyayq/+n8ad+HIKK2Q="
    }
  }
}
